
Microsoft Visual Studio Solution File, Format Version 12.00
# Visual Studio 2012
Project("{FAE04EC0-301F-11D3-BF4B-00C04F79EFBC}") = "AzCopySite", "AzCopySite\AzCopySite.csproj", "{B2056176-5AFC-4F20-9928-EBBE08A27EE4}"
EndProject
Global
	GlobalSection(SolutionConfigurationPlatforms) = preSolution
		Debug|Any CPU = Debug|Any CPU
		Release|Any CPU = Release|Any CPU
	EndGlobalSection
	GlobalSection(ProjectConfigurationPlatforms) = postSolution
		{B2056176-5AFC-4F20-9928-EBBE08A27EE4}.Debug|Any CPU.ActiveCfg = Debug|Any CPU
		{B2056176-5AFC-4F20-9928-EBBE08A27EE4}.Debug|Any CPU.Build.0 = Debug|Any CPU
		{B2056176-5AFC-4F20-9928-EBBE08A27EE4}.Release|Any CPU.ActiveCfg = Release|Any CPU
		{B2056176-5AFC-4F20-9928-EBBE08A27EE4}.Release|Any CPU.Build.0 = Release|Any CPU
	EndGlobalSection
EndGlobal
